
Microsoft Visual Studio Solution File, Format Version 12.00
# Visual Studio Version 17
VisualStudioVersion = 17.14.37216.2 d17.14
MinimumVisualStudioVersion = 10.0.40219.1
Project("{FAE04EC0-301F-11D3-BF4B-00C04F79EFBC}") = "Chapeau-Project", "Chapeau-Project\Chapeau-Project.csproj", "{22415DBC-07C1-47A3-83F4-7FE0970105A5}"
EndProject
Global
	GlobalSection(SolutionConfigurationPlatforms) = preSolution
		Debug|Any CPU = Debug|Any CPU
		Release|Any CPU = Release|Any CPU
	EndGlobalSection
	GlobalSection(ProjectConfigurationPlatforms) = postSolution
		{22415DBC-07C1-47A3-83F4-7FE0970105A5}.Debug|Any CPU.ActiveCfg = Debug|Any CPU
		{22415DBC-07C1-47A3-83F4-7FE0970105A5}.Debug|Any CPU.Build.0 = Debug|Any CPU
		{22415DBC-07C1-47A3-83F4-7FE0970105A5}.Release|Any CPU.ActiveCfg = Release|Any CPU
		{22415DBC-07C1-47A3-83F4-7FE0970105A5}.Release|Any CPU.Build.0 = Release|Any CPU
	EndGlobalSection
	GlobalSection(SolutionProperties) = preSolution
		HideSolutionNode = FALSE
	EndGlobalSection
	GlobalSection(ExtensibilityGlobals) = postSolution
		SolutionGuid = {415D5859-0ED4-4810-80A3-6776386D2F86}
	EndGlobalSection
EndGlobal
